
Microsoft Visual Studio Solution File, Format Version 12.00
Project("{FAE04EC0-301F-11D3-BF4B-00C04F79EFBC}") = "DocumentProcessorApi", "DocumentProcessorApi\DocumentProcessorApi.csproj", "{CC50A276-A8FB-4DE1-8CB6-63BA671E9CB0}"
EndProject
Project("{FAE04EC0-301F-11D3-BF4B-00C04F79EFBC}") = "DocumentProcessorApi.Tests", "DocumentProcessorApi.Tests\DocumentProcessorApi.Tests.csproj", "{7599103B-796C-4351-A106-AF658551824E}"
EndProject
Global
	GlobalSection(SolutionConfigurationPlatforms) = preSolution
		Debug|Any CPU = Debug|Any CPU
		Release|Any CPU = Release|Any CPU
	EndGlobalSection
	GlobalSection(ProjectConfigurationPlatforms) = postSolution
		{CC50A276-A8FB-4DE1-8CB6-63BA671E9CB0}.Debug|Any CPU.ActiveCfg = Debug|Any CPU
		{CC50A276-A8FB-4DE1-8CB6-63BA671E9CB0}.Debug|Any CPU.Build.0 = Debug|Any CPU
		{CC50A276-A8FB-4DE1-8CB6-63BA671E9CB0}.Release|Any CPU.ActiveCfg = Release|Any CPU
		{CC50A276-A8FB-4DE1-8CB6-63BA671E9CB0}.Release|Any CPU.Build.0 = Release|Any CPU
		{7599103B-796C-4351-A106-AF658551824E}.Debug|Any CPU.ActiveCfg = Debug|Any CPU
		{7599103B-796C-4351-A106-AF658551824E}.Debug|Any CPU.Build.0 = Debug|Any CPU
		{7599103B-796C-4351-A106-AF658551824E}.Release|Any CPU.ActiveCfg = Release|Any CPU
		{7599103B-796C-4351-A106-AF658551824E}.Release|Any CPU.Build.0 = Release|Any CPU
	EndGlobalSection
EndGlobal
